
Microsoft Visual Studio Solution File, Format Version 12.00
# Visual Studio 15
Project("{FAE04EC0-301F-11D3-BF4B-00C04F79EFBC}") = "Assembly-CSharp", "Assembly-CSharp.csproj", "{1D94983F-FBDD-2217-0C2E-CE3E598CC35D}"
EndProject
Project("{FAE04EC0-301F-11D3-BF4B-00C04F79EFBC}") = "Assembly-CSharp-firstpass", "Assembly-CSharp-firstpass.csproj", "{452815D6-77AC-E609-505C-282510BBF7B7}"
EndProject
Global
	GlobalSection(SolutionConfigurationPlatforms) = preSolution
		Debug|Any CPU = Debug|Any CPU
		Release|Any CPU = Release|Any CPU
	EndGlobalSection
	GlobalSection(ProjectConfigurationPlatforms) = postSolution
		{1D94983F-FBDD-2217-0C2E-CE3E598CC35D}.Debug|Any CPU.ActiveCfg = Debug|Any CPU
		{1D94983F-FBDD-2217-0C2E-CE3E598CC35D}.Debug|Any CPU.Build.0 = Debug|Any CPU
		{1D94983F-FBDD-2217-0C2E-CE3E598CC35D}.Release|Any CPU.ActiveCfg = Release|Any CPU
		{1D94983F-FBDD-2217-0C2E-CE3E598CC35D}.Release|Any CPU.Build.0 = Release|Any CPU
		{452815D6-77AC-E609-505C-282510BBF7B7}.Debug|Any CPU.ActiveCfg = Debug|Any CPU
		{452815D6-77AC-E609-505C-282510BBF7B7}.Debug|Any CPU.Build.0 = Debug|Any CPU
		{452815D6-77AC-E609-505C-282510BBF7B7}.Release|Any CPU.ActiveCfg = Release|Any CPU
		{452815D6-77AC-E609-505C-282510BBF7B7}.Release|Any CPU.Build.0 = Release|Any CPU
	EndGlobalSection
	GlobalSection(SolutionProperties) = preSolution
		HideSolutionNode = FALSE
	EndGlobalSection
EndGlobal
